
Microsoft Visual Studio Solution File, Format Version 12.00
# Visual Studio 15
VisualStudioVersion = 15.0.28307.757
MinimumVisualStudioVersion = 10.0.40219.1
Project("{FAE04EC0-301F-11D3-BF4B-00C04F79EFBC}") = "ServerForSDRSharp", "ServerForSDRSharp\ServerForSDRSharp.csproj", "{F8215959-168E-49CE-9741-688E81CE20F3}"
EndProject
Global
	GlobalSection(SolutionConfigurationPlatforms) = preSolution
		Debug|Any CPU = Debug|Any CPU
		Release|Any CPU = Release|Any CPU
	EndGlobalSection
	GlobalSection(ProjectConfigurationPlatforms) = postSolution
		{F8215959-168E-49CE-9741-688E81CE20F3}.Debug|Any CPU.ActiveCfg = Debug|Any CPU
		{F8215959-168E-49CE-9741-688E81CE20F3}.Debug|Any CPU.Build.0 = Debug|Any CPU
		{F8215959-168E-49CE-9741-688E81CE20F3}.Release|Any CPU.ActiveCfg = Release|Any CPU
		{F8215959-168E-49CE-9741-688E81CE20F3}.Release|Any CPU.Build.0 = Release|Any CPU
	EndGlobalSection
	GlobalSection(SolutionProperties) = preSolution
		HideSolutionNode = FALSE
	EndGlobalSection
	GlobalSection(ExtensibilityGlobals) = postSolution
		SolutionGuid = {D7FE69AC-29D3-47C2-9081-55078FDF2DFE}
	EndGlobalSection
EndGlobal
